{
  "version": 1,
  "dependencies": {
    "net8.0": {
      "Microsoft.Extensions.Configuration": {
        "type": "Direct",
        "requested": "[9.0.4, )",
        "resolved": "9.0.4",
        "contentHash": "KIVBrMbItnCJDd1RF4KEaE8jZwDJcDUJW5zXpbwQ05HNYTK1GveHxHK0B3SjgDJuR48GRACXAO+BLhL8h34S7g==",
        "dependencies": {
          "Microsoft.Extensions.Configuration.Abstractions": "9.0.4",
          "Microsoft.Extensions.Primitives": "9.0.4"
        }
      },
      "Microsoft.Extensions.Configuration.Binder": {
        "type": "Direct",
        "requested": "[9.0.3, )",
        "resolved": "9.0.3",
        "contentHash": "ad82pYBUSQbd3WIboxsS1HzFdRuHKRa2CpYwie/o6dZAxUjt62yFwjoVdM7Iw2VO5fHV1rJwa7jJZBNZin0E7Q==",
        "dependencies": {
          "Microsoft.Extensions.Configuration.Abstractions": "9.0.3"
        }
      },
      "Microsoft.Extensions.Configuration.CommandLine": {
        "type": "Direct",
        "requested": "[9.0.4, )",
        "resolved": "9.0.4",
        "contentHash": "TbM2HElARG7z1gxwakdppmOkm1SykPqDcu3EF97daEwSb/+TXnRrFfJtF+5FWWxcsNhbRrmLfS2WszYcab7u1A==",
        "dependencies": {
          "Microsoft.Extensions.Configuration": "9.0.4",
          "Microsoft.Extensions.Configuration.Abstractions": "9.0.4"
        }
      },
      "Microsoft.Extensions.DependencyInjection": {
        "type": "Direct",
        "requested": "[9.0.3, )",
        "resolved": "9.0.3",
        "contentHash": "lDbxJpkl6X8KZGpkAxgrrthQ42YeiR0xjPp7KPx+sCPc3ZbpaIbjzd0QQ+9kDdK2RU2DOl3pc6tQyAgEZY3V0A==",
        "dependencies": {
          "Microsoft.Extensions.DependencyInjection.Abstractions": "9.0.3"
        }
      },
      "Microsoft.Extensions.Logging": {
        "type": "Direct",
        "requested": "[9.0.2, )",
        "resolved": "9.0.2",
        "contentHash": "loV/0UNpt2bD+6kCDzFALVE63CDtqzPeC0LAetkdhiEr/tTNbvOlQ7CBResH7BQBd3cikrwiBfaHdyHMFUlc2g==",
        "dependencies": {
          "Microsoft.Extensions.DependencyInjection": "9.0.2",
          "Microsoft.Extensions.Logging.Abstractions": "9.0.2",
          "Microsoft.Extensions.Options": "9.0.2"
        }
      },
      "Microsoft.Extensions.Logging.Console": {
        "type": "Direct",
        "requested": "[9.0.2, )",
        "resolved": "9.0.2",
        "contentHash": "eoMjwiM0WpkVGSxzjo/f94ShreFLYhPMjfkOG04WOb8fq/TztpcWaU8XAkMMWZ+mYSbFYln+FBwUOEriXR4jtA==",
        "dependencies": {
          "Microsoft.Extensions.DependencyInjection.Abstractions": "9.0.2",
          "Microsoft.Extensions.Logging": "9.0.2",
          "Microsoft.Extensions.Logging.Abstractions": "9.0.2",
          "Microsoft.Extensions.Logging.Configuration": "9.0.2",
          "Microsoft.Extensions.Options": "9.0.2",
          "System.Text.Json": "9.0.2"
        }
      },
      "Octokit": {
        "type": "Direct",
        "requested": "[14.0.0, )",
        "resolved": "14.0.0",
        "contentHash": "jGOuTH1l+TCpJH+fwYOp7USzHDuGfN1jKbLz3J2COwyn+wL08eynvpnM6rY2qkzIEXum3PN2p2QkP3BW/p9Qcw=="
      },
      "Serilog.Extensions.Logging": {
        "type": "Direct",
        "requested": "[9.0.1, )",
        "resolved": "9.0.1",
        "contentHash": "IZo04/stVuOBhe0jzIe+6gVmiZ50i1cDljTnDyz6lqM7rbNhrHsPWg3IraJIvzZBihYPg5V9TVQYgRnm3xX8eA==",
        "dependencies": {
          "Microsoft.Extensions.Logging": "9.0.0",
          "Serilog": "4.2.0"
        }
      },
      "Serilog.Sinks.Console": {
        "type": "Direct",
        "requested": "[6.0.0, )",
        "resolved": "6.0.0",
        "contentHash": "fQGWqVMClCP2yEyTXPIinSr5c+CBGUvBybPxjAGcf7ctDhadFhrQw03Mv8rJ07/wR5PDfFjewf2LimvXCDzpbA==",
        "dependencies": {
          "Serilog": "4.0.0"
        }
      },
      "System.CommandLine": {
        "type": "Direct",
        "requested": "[2.0.0-beta4.22272.1, )",
        "resolved": "2.0.0-beta4.22272.1",
        "contentHash": "1uqED/q2H0kKoLJ4+hI2iPSBSEdTuhfCYADeJrAqERmiGQ2NNacYKRNEQ+gFbU4glgVyK8rxI+ZOe1onEtr/Pg=="
      },
      "Microsoft.Extensions.Configuration.Abstractions": {
        "type": "Transitive",
        "resolved": "9.0.4",
        "contentHash": "0LN/DiIKvBrkqp7gkF3qhGIeZk6/B63PthAHjQsxymJfIBcz0kbf4/p/t4lMgggVxZ+flRi5xvTwlpPOoZk8fg==",
        "dependencies": {
          "Microsoft.Extensions.Primitives": "9.0.4"
        }
      },
      "Microsoft.Extensions.DependencyInjection.Abstractions": {
        "type": "Transitive",
        "resolved": "9.0.3",
        "contentHash": "TfaHPSe39NyL2wxkisRxXK7xvHGZYBZ+dy3r+mqGvnxKgAPdHkMu3QMQZI4pquP6W5FIQBqs8FJpWV8ffCgDqQ=="
      },
      "Microsoft.Extensions.Logging.Abstractions": {
        "type": "Transitive",
        "resolved": "9.0.2",
        "contentHash": "dV9s2Lamc8jSaqhl2BQSPn/AryDIH2sSbQUyLitLXV0ROmsb+SROnn2cH939JFbsNrnf3mIM3GNRKT7P0ldwLg==",
        "dependencies": {
          "Microsoft.Extensions.DependencyInjection.Abstractions": "9.0.2",
          "System.Diagnostics.DiagnosticSource": "9.0.2"
        }
      },
      "Microsoft.Extensions.Logging.Configuration": {
        "type": "Transitive",
        "resolved": "9.0.2",
        "contentHash": "pnwYZE7U6d3Y6iMVqADOAUUMMBGYAQPsT3fMwVr/V1Wdpe5DuVGFcViZavUthSJ5724NmelIl1cYy+kRfKfRPQ==",
        "dependencies": {
          "Microsoft.Extensions.Configuration": "9.0.2",
          "Microsoft.Extensions.Configuration.Abstractions": "9.0.2",
          "Microsoft.Extensions.Configuration.Binder": "9.0.2",
          "Microsoft.Extensions.DependencyInjection.Abstractions": "9.0.2",
          "Microsoft.Extensions.Logging": "9.0.2",
          "Microsoft.Extensions.Logging.Abstractions": "9.0.2",
          "Microsoft.Extensions.Options": "9.0.2",
          "Microsoft.Extensions.Options.ConfigurationExtensions": "9.0.2"
        }
      },
      "Microsoft.Extensions.Options": {
        "type": "Transitive",
        "resolved": "9.0.2",
        "contentHash": "zr98z+AN8+isdmDmQRuEJ/DAKZGUTHmdv3t0ZzjHvNqvA44nAgkXE9kYtfoN6581iALChhVaSw2Owt+Z2lVbkQ==",
        "dependencies": {
          "Microsoft.Extensions.DependencyInjection.Abstractions": "9.0.2",
          "Microsoft.Extensions.Primitives": "9.0.2"
        }
      },
      "Microsoft.Extensions.Options.ConfigurationExtensions": {
        "type": "Transitive",
        "resolved": "9.0.2",
        "contentHash": "OPm1NXdMg4Kb4Kz+YHdbBQfekh7MqQZ7liZ5dYUd+IbJakinv9Fl7Ck6Strbgs0a6E76UGbP/jHR532K/7/feQ==",
        "dependencies": {
          "Microsoft.Extensions.Configuration.Abstractions": "9.0.2",
          "Microsoft.Extensions.Configuration.Binder": "9.0.2",
          "Microsoft.Extensions.DependencyInjection.Abstractions": "9.0.2",
          "Microsoft.Extensions.Options": "9.0.2",
          "Microsoft.Extensions.Primitives": "9.0.2"
        }
      },
      "Microsoft.Extensions.Primitives": {
        "type": "Transitive",
        "resolved": "9.0.4",
        "contentHash": "SPFyMjyku1nqTFFJ928JAMd0QnRe4xjE7KeKnZMWXf3xk+6e0WiOZAluYtLdbJUXtsl2cCRSi8cBquJ408k8RA=="
      },
      "Serilog": {
        "type": "Transitive",
        "resolved": "4.2.0",
        "contentHash": "gmoWVOvKgbME8TYR+gwMf7osROiWAURterc6Rt2dQyX7wtjZYpqFiA/pY6ztjGQKKV62GGCyOcmtP1UKMHgSmA=="
      },
      "System.Diagnostics.DiagnosticSource": {
        "type": "Transitive",
        "resolved": "9.0.2",
        "contentHash": "z5CMQNLzk8UKnTEHRKb4nq03CCDWBMEF2gfP3oPKZn4F8wip6LFZCP5rF90DREHqdNddScIGAfszXJSjh4drSw=="
      },
      "System.IO.Pipelines": {
        "type": "Transitive",
        "resolved": "9.0.2",
        "contentHash": "UIBaK7c/A3FyQxmX/747xw4rCUkm1BhNiVU617U5jweNJssNjLJkPUGhBsrlDG0BpKWCYKsncD+Kqpy4KmvZZQ=="
      },
      "System.Text.Encodings.Web": {
        "type": "Transitive",
        "resolved": "9.0.2",
        "contentHash": "/kCGdrXg0PXrvkHYyHubXJHcmCAvJrxTZ7g4XS6UCxY1JW79aMjtUW6UYNECHJmiyFZsZ/vUuWOM4CtNpiNt8Q=="
      },
      "System.Text.Json": {
        "type": "Transitive",
        "resolved": "9.0.2",
        "contentHash": "4TY2Yokh5Xp8XHFhsY9y84yokS7B0rhkaZCXuRiKppIiKwPVH4lVSFD9EEFzRpXdBM5ZeZXD43tc2vB6njEwwQ==",
        "dependencies": {
          "System.IO.Pipelines": "9.0.2",
          "System.Text.Encodings.Web": "9.0.2"
        }
      }
    }
  }
}